// !$*UTF8*$!
{
	archiveVersion = 1;
	classes = {
	};
	objectVersion = 56;
	objects = {

/* Begin PBXBuildFile section */
		E929F5892B572EAE001A077A /* FileLoader.swift in Sources */ = {isa = PBXBuildFile; fileRef = E929F5882B572EAE001A077A /* FileLoader.swift */; };
		E929F58B2B5730B9001A077A /* FileLoaderTest.swift in Sources */ = {isa = PBXBuildFile; fileRef = E929F58A2B5730B9001A077A /* FileLoaderTest.swift */; };
		E929F58F2B573123001A077A /* SampleFile in Resources */ = {isa = PBXBuildFile; fileRef = E929F58E2B573123001A077A /* SampleFile */; };
		E929F5922B573F44001A077A /* Day1Input in Resources */ = {isa = PBXBuildFile; fileRef = E929F5912B573F44001A077A /* Day1Input */; };
		E929F5942B573F73001A077A /* Day1Solver.swift in Sources */ = {isa = PBXBuildFile; fileRef = E929F5932B573F73001A077A /* Day1Solver.swift */; };
		E929F5962B573FB5001A077A /* Day1Test.swift in Sources */ = {isa = PBXBuildFile; fileRef = E929F5952B573FB4001A077A /* Day1Test.swift */; };
		E929F5992B57457E001A077A /* Day1InputSampleOne in Resources */ = {isa = PBXBuildFile; fileRef = E929F5972B57422F001A077A /* Day1InputSampleOne */; };
		E929F59D2B5745A5001A077A /* Stub.swift in Sources */ = {isa = PBXBuildFile; fileRef = E929F59C2B5745A5001A077A /* Stub.swift */; };
		E97D53BA2B58681200406ED6 /* Day1InputSampleTwo in Resources */ = {isa = PBXBuildFile; fileRef = E97D53B92B58672600406ED6 /* Day1InputSampleTwo */; };
		E9DA09502B57033F002DBCD0 /* AdventOfCode2023App.swift in Sources */ = {isa = PBXBuildFile; fileRef = E9DA094F2B57033F002DBCD0 /* AdventOfCode2023App.swift */; };
		E9DA09522B57033F002DBCD0 /* ContentView.swift in Sources */ = {isa = PBXBuildFile; fileRef = E9DA09512B57033F002DBCD0 /* ContentView.swift */; };
		E9DA09542B570340002DBCD0 /* Assets.xcassets in Resources */ = {isa = PBXBuildFile; fileRef = E9DA09532B570340002DBCD0 /* Assets.xcassets */; };
		E9DA09582B570340002DBCD0 /* Preview Assets.xcassets in Resources */ = {isa = PBXBuildFile; fileRef = E9DA09572B570340002DBCD0 /* Preview Assets.xcassets */; };
/* End PBXBuildFile section */

/* Begin PBXContainerItemProxy section */
		E9DA095E2B570340002DBCD0 /* PBXContainerItemProxy */ = {
			isa = PBXContainerItemProxy;
			containerPortal = E9DA09442B57033F002DBCD0 /* Project object */;
			proxyType = 1;
			remoteGlobalIDString = E9DA094B2B57033F002DBCD0;
			remoteInfo = AdventsOfCode2023;
		};
/* End PBXContainerItemProxy section */

/* Begin PBXFileReference section */
		E929F5882B572EAE001A077A /* FileLoader.swift */ = {isa = PBXFileReference; lastKnownFileType = sourcecode.swift; path = FileLoader.swift; sourceTree = "<group>"; };
		E929F58A2B5730B9001A077A /* FileLoaderTest.swift */ = {isa = PBXFileReference; lastKnownFileType = sourcecode.swift; path = FileLoaderTest.swift; sourceTree = "<group>"; };
		E929F58E2B573123001A077A /* SampleFile */ = {isa = PBXFileReference; lastKnownFileType = text; path = SampleFile; sourceTree = "<group>"; };
		E929F5912B573F44001A077A /* Day1Input */ = {isa = PBXFileReference; lastKnownFileType = text; path = Day1Input; sourceTree = "<group>"; };
		E929F5932B573F73001A077A /* Day1Solver.swift */ = {isa = PBXFileReference; lastKnownFileType = sourcecode.swift; path = Day1Solver.swift; sourceTree = "<group>"; };
		E929F5952B573FB4001A077A /* Day1Test.swift */ = {isa = PBXFileReference; lastKnownFileType = sourcecode.swift; path = Day1Test.swift; sourceTree = "<group>"; };
		E929F5972B57422F001A077A /* Day1InputSampleOne */ = {isa = PBXFileReference; lastKnownFileType = text; path = Day1InputSampleOne; sourceTree = "<group>"; };
		E929F59C2B5745A5001A077A /* Stub.swift */ = {isa = PBXFileReference; lastKnownFileType = sourcecode.swift; path = Stub.swift; sourceTree = "<group>"; };
		E97D53B92B58672600406ED6 /* Day1InputSampleTwo */ = {isa = PBXFileReference; lastKnownFileType = text; path = Day1InputSampleTwo; sourceTree = "<group>"; };
		E9DA094C2B57033F002DBCD0 /* AdventOfCode2023.app */ = {isa = PBXFileReference; explicitFileType = wrapper.application; includeInIndex = 0; path = AdventOfCode2023.app; sourceTree = BUILT_PRODUCTS_DIR; };
		E9DA094F2B57033F002DBCD0 /* AdventOfCode2023App.swift */ = {isa = PBXFileReference; lastKnownFileType = sourcecode.swift; path = AdventOfCode2023App.swift; sourceTree = "<group>"; };
		E9DA09512B57033F002DBCD0 /* ContentView.swift */ = {isa = PBXFileReference; lastKnownFileType = sourcecode.swift; path = ContentView.swift; sourceTree = "<group>"; };
		E9DA09532B570340002DBCD0 /* Assets.xcassets */ = {isa = PBXFileReference; lastKnownFileType = folder.assetcatalog; path = Assets.xcassets; sourceTree = "<group>"; };
		E9DA09552B570340002DBCD0 /* AdventOfCode2023.entitlements */ = {isa = PBXFileReference; lastKnownFileType = text.plist.entitlements; path = AdventOfCode2023.entitlements; sourceTree = "<group>"; };
		E9DA09572B570340002DBCD0 /* Preview Assets.xcassets */ = {isa = PBXFileReference; lastKnownFileType = folder.assetcatalog; path = "Preview Assets.xcassets"; sourceTree = "<group>"; };
		E9DA095D2B570340002DBCD0 /* AdventOfCode2023Tests.xctest */ = {isa = PBXFileReference; explicitFileType = wrapper.cfbundle; includeInIndex = 0; path = AdventOfCode2023Tests.xctest; sourceTree = BUILT_PRODUCTS_DIR; };
/* End PBXFileReference section */

/* Begin PBXFrameworksBuildPhase section */
		E9DA09492B57033F002DBCD0 /* Frameworks */ = {
			isa = PBXFrameworksBuildPhase;
			buildActionMask = 2147483647;
			files = (
			);
			runOnlyForDeploymentPostprocessing = 0;
		};
		E9DA095A2B570340002DBCD0 /* Frameworks */ = {
			isa = PBXFrameworksBuildPhase;
			buildActionMask = 2147483647;
			files = (
			);
			runOnlyForDeploymentPostprocessing = 0;
		};
/* End PBXFrameworksBuildPhase section */

/* Begin PBXGroup section */
		E929F5862B572E92001A077A /* Day1 */ = {
			isa = PBXGroup;
			children = (
				E929F5912B573F44001A077A /* Day1Input */,
				E929F5932B573F73001A077A /* Day1Solver.swift */,
			);
			path = Day1;
			sourceTree = "<group>";
		};
		E929F5872B572E9D001A077A /* Helpers */ = {
			isa = PBXGroup;
			children = (
				E929F5882B572EAE001A077A /* FileLoader.swift */,
			);
			path = Helpers;
			sourceTree = "<group>";
		};
		E929F58C2B5730E6001A077A /* HelpersTests */ = {
			isa = PBXGroup;
			children = (
				E929F58E2B573123001A077A /* SampleFile */,
				E929F58A2B5730B9001A077A /* FileLoaderTest.swift */,
			);
			path = HelpersTests;
			sourceTree = "<group>";
		};
		E929F58D2B573101001A077A /* Day1 */ = {
			isa = PBXGroup;
			children = (
				E929F5972B57422F001A077A /* Day1InputSampleOne */,
				E97D53B92B58672600406ED6 /* Day1InputSampleTwo */,
				E929F5952B573FB4001A077A /* Day1Test.swift */,
			);
			path = Day1;
			sourceTree = "<group>";
		};
		E929F59A2B574599001A077A /* Helpers */ = {
			isa = PBXGroup;
			children = (
				E929F59C2B5745A5001A077A /* Stub.swift */,
			);
			path = Helpers;
			sourceTree = "<group>";
		};
		E9DA09432B57033F002DBCD0 = {
			isa = PBXGroup;
			children = (
				E9DA094E2B57033F002DBCD0 /* AdventOfCode2023 */,
				E9DA09602B570340002DBCD0 /* AdventOfCode2023Tests */,
				E9DA094D2B57033F002DBCD0 /* Products */,
			);
			sourceTree = "<group>";
		};
		E9DA094D2B57033F002DBCD0 /* Products */ = {
			isa = PBXGroup;
			children = (
				E9DA094C2B57033F002DBCD0 /* AdventOfCode2023.app */,
				E9DA095D2B570340002DBCD0 /* AdventOfCode2023Tests.xctest */,
			);
			name = Products;
			sourceTree = "<group>";
		};
		E9DA094E2B57033F002DBCD0 /* AdventOfCode2023 */ = {
			isa = PBXGroup;
			children = (
				E9DA09552B570340002DBCD0 /* AdventOfCode2023.entitlements */,
				E9DA094F2B57033F002DBCD0 /* AdventOfCode2023App.swift */,
				E9DA09512B57033F002DBCD0 /* ContentView.swift */,
				E9DA09532B570340002DBCD0 /* Assets.xcassets */,
				E929F5862B572E92001A077A /* Day1 */,
				E929F5872B572E9D001A077A /* Helpers */,
				E9DA09562B570340002DBCD0 /* Preview Content */,
			);
			path = AdventOfCode2023;
			sourceTree = "<group>";
		};
		E9DA09562B570340002DBCD0 /* Preview Content */ = {
			isa = PBXGroup;
			children = (
				E9DA09572B570340002DBCD0 /* Preview Assets.xcassets */,
			);
			path = "Preview Content";
			sourceTree = "<group>";
		};
		E9DA09602B570340002DBCD0 /* AdventOfCode2023Tests */ = {
			isa = PBXGroup;
			children = (
				E929F58D2B573101001A077A /* Day1 */,
				E929F59A2B574599001A077A /* Helpers */,
				E929F58C2B5730E6001A077A /* HelpersTests */,
			);
			path = AdventOfCode2023Tests;
			sourceTree = "<group>";
		};
/* End PBXGroup section */

/* Begin PBXNativeTarget section */
		E9DA094B2B57033F002DBCD0 /* AdventOfCode2023 */ = {
			isa = PBXNativeTarget;
			buildConfigurationList = E9DA09712B570340002DBCD0 /* Build configuration list for PBXNativeTarget "AdventOfCode2023" */;
			buildPhases = (
				E9DA09482B57033F002DBCD0 /* Sources */,
				E9DA09492B57033F002DBCD0 /* Frameworks */,
				E9DA094A2B57033F002DBCD0 /* Resources */,
			);
			buildRules = (
			);
			dependencies = (
			);
			name = AdventOfCode2023;
			productName = AdventsOfCode2023;
			productReference = E9DA094C2B57033F002DBCD0 /* AdventOfCode2023.app */;
			productType = "com.apple.product-type.application";
		};
		E9DA095C2B570340002DBCD0 /* AdventOfCode2023Tests */ = {
			isa = PBXNativeTarget;
			buildConfigurationList = E9DA09742B570340002DBCD0 /* Build configuration list for PBXNativeTarget "AdventOfCode2023Tests" */;
			buildPhases = (
				E9DA09592B570340002DBCD0 /* Sources */,
				E9DA095A2B570340002DBCD0 /* Frameworks */,
				E9DA095B2B570340002DBCD0 /* Resources */,
			);
			buildRules = (
			);
			dependencies = (
				E9DA095F2B570340002DBCD0 /* PBXTargetDependency */,
			);
			name = AdventOfCode2023Tests;
			productName = AdventsOfCode2023Tests;
			productReference = E9DA095D2B570340002DBCD0 /* AdventOfCode2023Tests.xctest */;
			productType = "com.apple.product-type.bundle.unit-test";
		};
/* End PBXNativeTarget section */

/* Begin PBXProject section */
		E9DA09442B57033F002DBCD0 /* Project object */ = {
			isa = PBXProject;
			attributes = {
				BuildIndependentTargetsInParallel = 1;
				LastSwiftUpdateCheck = 1500;
				LastUpgradeCheck = 1500;
				TargetAttributes = {
					E9DA094B2B57033F002DBCD0 = {
						CreatedOnToolsVersion = 15.0;
					};
					E9DA095C2B570340002DBCD0 = {
						CreatedOnToolsVersion = 15.0;
						TestTargetID = E9DA094B2B57033F002DBCD0;
					};
				};
			};
			buildConfigurationList = E9DA09472B57033F002DBCD0 /* Build configuration list for PBXProject "AdventOfCode2023" */;
			compatibilityVersion = "Xcode 14.0";
			developmentRegion = en;
			hasScannedForEncodings = 0;
			knownRegions = (
				en,
				Base,
			);
			mainGroup = E9DA09432B57033F002DBCD0;
			productRefGroup = E9DA094D2B57033F002DBCD0 /* Products */;
			projectDirPath = "";
			projectRoot = "";
			targets = (
				E9DA094B2B57033F002DBCD0 /* AdventOfCode2023 */,
				E9DA095C2B570340002DBCD0 /* AdventOfCode2023Tests */,
			);
		};
/* End PBXProject section */

/* Begin PBXResourcesBuildPhase section */
		E9DA094A2B57033F002DBCD0 /* Resources */ = {
			isa = PBXResourcesBuildPhase;
			buildActionMask = 2147483647;
			files = (
				E9DA09582B570340002DBCD0 /* Preview Assets.xcassets in Resources */,
				E9DA09542B570340002DBCD0 /* Assets.xcassets in Resources */,
				E929F5922B573F44001A077A /* Day1Input in Resources */,
			);
			runOnlyForDeploymentPostprocessing = 0;
		};
		E9DA095B2B570340002DBCD0 /* Resources */ = {
			isa = PBXResourcesBuildPhase;
			buildActionMask = 2147483647;
			files = (
				E929F5992B57457E001A077A /* Day1InputSampleOne in Resources */,
				E97D53BA2B58681200406ED6 /* Day1InputSampleTwo in Resources */,
				E929F58F2B573123001A077A /* SampleFile in Resources */,
			);
			runOnlyForDeploymentPostprocessing = 0;
		};
/* End PBXResourcesBuildPhase section */

/* Begin PBXSourcesBuildPhase section */
		E9DA09482B57033F002DBCD0 /* Sources */ = {
			isa = PBXSourcesBuildPhase;
			buildActionMask = 2147483647;
			files = (
				E929F5892B572EAE001A077A /* FileLoader.swift in Sources */,
				E929F5942B573F73001A077A /* Day1Solver.swift in Sources */,
				E9DA09522B57033F002DBCD0 /* ContentView.swift in Sources */,
				E9DA09502B57033F002DBCD0 /* AdventOfCode2023App.swift in Sources */,
			);
			runOnlyForDeploymentPostprocessing = 0;
		};
		E9DA09592B570340002DBCD0 /* Sources */ = {
			isa = PBXSourcesBuildPhase;
			buildActionMask = 2147483647;
			files = (
				E929F5962B573FB5001A077A /* Day1Test.swift in Sources */,
				E929F59D2B5745A5001A077A /* Stub.swift in Sources */,
				E929F58B2B5730B9001A077A /* FileLoaderTest.swift in Sources */,
			);
			runOnlyForDeploymentPostprocessing = 0;
		};
/* End PBXSourcesBuildPhase section */

/* Begin PBXTargetDependency section */
		E9DA095F2B570340002DBCD0 /* PBXTargetDependency */ = {
			isa = PBXTargetDependency;
			target = E9DA094B2B57033F002DBCD0 /* AdventOfCode2023 */;
			targetProxy = E9DA095E2B570340002DBCD0 /* PBXContainerItemProxy */;
		};
/* End PBXTargetDependency section */

/* Begin XCBuildConfiguration section */
		E9DA096F2B570340002DBCD0 /* Debug */ = {
			isa = XCBuildConfiguration;
			buildSettings = {
				ALWAYS_SEARCH_USER_PATHS = NO;
				ASSETCATALOG_COMPILER_GENERATE_SWIFT_ASSET_SYMBOL_EXTENSIONS = YES;
				CLANG_ANALYZER_NONNULL = YES;
				CLANG_ANALYZER_NUMBER_OBJECT_CONVERSION = YES_AGGRESSIVE;
				CLANG_CXX_LANGUAGE_STANDARD = "gnu++20";
				CLANG_ENABLE_MODULES = YES;
				CLANG_ENABLE_OBJC_ARC = YES;
				CLANG_ENABLE_OBJC_WEAK = YES;
				CLANG_WARN_BLOCK_CAPTURE_AUTORELEASING = YES;
				CLANG_WARN_BOOL_CONVERSION = YES;
				CLANG_WARN_COMMA = YES;
				CLANG_WARN_CONSTANT_CONVERSION = YES;
				CLANG_WARN_DEPRECATED_OBJC_IMPLEMENTATIONS = YES;
				CLANG_WARN_DIRECT_OBJC_ISA_USAGE = YES_ERROR;
				CLANG_WARN_DOCUMENTATION_COMMENTS = YES;
				CLANG_WARN_EMPTY_BODY = YES;
				CLANG_WARN_ENUM_CONVERSION = YES;
				CLANG_WARN_INFINITE_RECURSION = YES;
				CLANG_WARN_INT_CONVERSION = YES;
				CLANG_WARN_NON_LITERAL_NULL_CONVERSION = YES;
				CLANG_WARN_OBJC_IMPLICIT_RETAIN_SELF = YES;
				CLANG_WARN_OBJC_LITERAL_CONVERSION = YES;
				CLANG_WARN_OBJC_ROOT_CLASS = YES_ERROR;
				CLANG_WARN_QUOTED_INCLUDE_IN_FRAMEWORK_HEADER = YES;
				CLANG_WARN_RANGE_LOOP_ANALYSIS = YES;
				CLANG_WARN_STRICT_PROTOTYPES = YES;
				CLANG_WARN_SUSPICIOUS_MOVE = YES;
				CLANG_WARN_UNGUARDED_AVAILABILITY = YES_AGGRESSIVE;
				CLANG_WARN_UNREACHABLE_CODE = YES;
				CLANG_WARN__DUPLICATE_METHOD_MATCH = YES;
				COPY_PHASE_STRIP = NO;
				DEBUG_INFORMATION_FORMAT = dwarf;
				ENABLE_STRICT_OBJC_MSGSEND = YES;
				ENABLE_TESTABILITY = YES;
				ENABLE_USER_SCRIPT_SANDBOXING = YES;
				GCC_C_LANGUAGE_STANDARD = gnu17;
				GCC_DYNAMIC_NO_PIC = NO;
				GCC_NO_COMMON_BLOCKS = YES;
				GCC_OPTIMIZATION_LEVEL = 0;
				GCC_PREPROCESSOR_DEFINITIONS = (
					"DEBUG=1",
					"$(inherited)",
				);
				GCC_WARN_64_TO_32_BIT_CONVERSION = YES;
				GCC_WARN_ABOUT_RETURN_TYPE = YES_ERROR;
				GCC_WARN_UNDECLARED_SELECTOR = YES;
				GCC_WARN_UNINITIALIZED_AUTOS = YES_AGGRESSIVE;
				GCC_WARN_UNUSED_FUNCTION = YES;
				GCC_WARN_UNUSED_VARIABLE = YES;
				LOCALIZATION_PREFERS_STRING_CATALOGS = YES;
				MTL_ENABLE_DEBUG_INFO = INCLUDE_SOURCE;
				MTL_FAST_MATH = YES;
				ONLY_ACTIVE_ARCH = YES;
				SWIFT_ACTIVE_COMPILATION_CONDITIONS = "DEBUG $(inherited)";
				SWIFT_OPTIMIZATION_LEVEL = "-Onone";
			};
			name = Debug;
		};
		E9DA09702B570340002DBCD0 /* Release */ = {
			isa = XCBuildConfiguration;
			buildSettings = {
				ALWAYS_SEARCH_USER_PATHS = NO;
				ASSETCATALOG_COMPILER_GENERATE_SWIFT_ASSET_SYMBOL_EXTENSIONS = YES;
				CLANG_ANALYZER_NONNULL = YES;
				CLANG_ANALYZER_NUMBER_OBJECT_CONVERSION = YES_AGGRESSIVE;
				CLANG_CXX_LANGUAGE_STANDARD = "gnu++20";
				CLANG_ENABLE_MODULES = YES;
				CLANG_ENABLE_OBJC_ARC = YES;
				CLANG_ENABLE_OBJC_WEAK = YES;
				CLANG_WARN_BLOCK_CAPTURE_AUTORELEASING = YES;
				CLANG_WARN_BOOL_CONVERSION = YES;
				CLANG_WARN_COMMA = YES;
				CLANG_WARN_CONSTANT_CONVERSION = YES;
				CLANG_WARN_DEPRECATED_OBJC_IMPLEMENTATIONS = YES;
				CLANG_WARN_DIRECT_OBJC_ISA_USAGE = YES_ERROR;
				CLANG_WARN_DOCUMENTATION_COMMENTS = YES;
				CLANG_WARN_EMPTY_BODY = YES;
				CLANG_WARN_ENUM_CONVERSION = YES;
				CLANG_WARN_INFINITE_RECURSION = YES;
				CLANG_WARN_INT_CONVERSION = YES;
				CLANG_WARN_NON_LITERAL_NULL_CONVERSION = YES;
				CLANG_WARN_OBJC_IMPLICIT_RETAIN_SELF = YES;
				CLANG_WARN_OBJC_LITERAL_CONVERSION = YES;
				CLANG_WARN_OBJC_ROOT_CLASS = YES_ERROR;
				CLANG_WARN_QUOTED_INCLUDE_IN_FRAMEWORK_HEADER = YES;
				CLANG_WARN_RANGE_LOOP_ANALYSIS = YES;
				CLANG_WARN_STRICT_PROTOTYPES = YES;
				CLANG_WARN_SUSPICIOUS_MOVE = YES;
				CLANG_WARN_UNGUARDED_AVAILABILITY = YES_AGGRESSIVE;
				CLANG_WARN_UNREACHABLE_CODE = YES;
				CLANG_WARN__DUPLICATE_METHOD_MATCH = YES;
				COPY_PHASE_STRIP = NO;
				DEBUG_INFORMATION_FORMAT = "dwarf-with-dsym";
				ENABLE_NS_ASSERTIONS = NO;
				ENABLE_STRICT_OBJC_MSGSEND = YES;
				ENABLE_USER_SCRIPT_SANDBOXING = YES;
				GCC_C_LANGUAGE_STANDARD = gnu17;
				GCC_NO_COMMON_BLOCKS = YES;
				GCC_WARN_64_TO_32_BIT_CONVERSION = YES;
				GCC_WARN_ABOUT_RETURN_TYPE = YES_ERROR;
				GCC_WARN_UNDECLARED_SELECTOR = YES;
				GCC_WARN_UNINITIALIZED_AUTOS = YES_AGGRESSIVE;
				GCC_WARN_UNUSED_FUNCTION = YES;
				GCC_WARN_UNUSED_VARIABLE = YES;
				LOCALIZATION_PREFERS_STRING_CATALOGS = YES;
				MTL_ENABLE_DEBUG_INFO = NO;
				MTL_FAST_MATH = YES;
				SWIFT_COMPILATION_MODE = wholemodule;
			};
			name = Release;
		};
		E9DA09722B570340002DBCD0 /* Debug */ = {
			isa = XCBuildConfiguration;
			buildSettings = {
				ASSETCATALOG_COMPILER_APPICON_NAME = AppIcon;
				ASSETCATALOG_COMPILER_GLOBAL_ACCENT_COLOR_NAME = AccentColor;
				CODE_SIGN_STYLE = Automatic;
				CURRENT_PROJECT_VERSION = 1;
				DEVELOPMENT_ASSET_PATHS = "\"AdventOfCode2023/Preview Content\"";
				DEVELOPMENT_TEAM = T26XN9U9U2;
				ENABLE_HARDENED_RUNTIME = YES;
				ENABLE_PREVIEWS = YES;
				GENERATE_INFOPLIST_FILE = YES;
				"INFOPLIST_KEY_UIApplicationSceneManifest_Generation[sdk=iphoneos*]" = YES;
				"INFOPLIST_KEY_UIApplicationSceneManifest_Generation[sdk=iphonesimulator*]" = YES;
				"INFOPLIST_KEY_UIApplicationSupportsIndirectInputEvents[sdk=iphoneos*]" = YES;
				"INFOPLIST_KEY_UIApplicationSupportsIndirectInputEvents[sdk=iphonesimulator*]" = YES;
				"INFOPLIST_KEY_UILaunchScreen_Generation[sdk=iphoneos*]" = YES;
				"INFOPLIST_KEY_UILaunchScreen_Generation[sdk=iphonesimulator*]" = YES;
				"INFOPLIST_KEY_UIStatusBarStyle[sdk=iphoneos*]" = UIStatusBarStyleDefault;
				"INFOPLIST_KEY_UIStatusBarStyle[sdk=iphonesimulator*]" = UIStatusBarStyleDefault;
				INFOPLIST_KEY_UISupportedInterfaceOrientations_iPad = "UIInterfaceOrientationPortrait UIInterfaceOrientationPortraitUpsideDown UIInterfaceOrientationLandscapeLeft UIInterfaceOrientationLandscapeRight";
				INFOPLIST_KEY_UISupportedInterfaceOrientations_iPhone = "UIInterfaceOrientationPortrait UIInterfaceOrientationLandscapeLeft UIInterfaceOrientationLandscapeRight";
				IPHONEOS_DEPLOYMENT_TARGET = 17.0;
				LD_RUNPATH_SEARCH_PATHS = "@executable_path/Frameworks";
				"LD_RUNPATH_SEARCH_PATHS[sdk=macosx*]" = "@executable_path/../Frameworks";
				MACOSX_DEPLOYMENT_TARGET = 14.0;
				MARKETING_VERSION = 1.0;
				PRODUCT_BUNDLE_IDENTIFIER = com.dyrkabes.AdventOfCode2023;
				PRODUCT_NAME = "$(TARGET_NAME)";
				SDKROOT = auto;
				SUPPORTED_PLATFORMS = "iphoneos iphonesimulator macosx";
				SWIFT_EMIT_LOC_STRINGS = YES;
				SWIFT_VERSION = 5.0;
				TARGETED_DEVICE_FAMILY = "1,2";
			};
			name = Debug;
		};
		E9DA09732B570340002DBCD0 /* Release */ = {
			isa = XCBuildConfiguration;
			buildSettings = {
				ASSETCATALOG_COMPILER_APPICON_NAME = AppIcon;
				ASSETCATALOG_COMPILER_GLOBAL_ACCENT_COLOR_NAME = AccentColor;
				CODE_SIGN_STYLE = Automatic;
				CURRENT_PROJECT_VERSION = 1;
				DEVELOPMENT_ASSET_PATHS = "\"AdventOfCode2023/Preview Content\"";
				DEVELOPMENT_TEAM = T26XN9U9U2;
				ENABLE_HARDENED_RUNTIME = YES;
				ENABLE_PREVIEWS = YES;
				GENERATE_INFOPLIST_FILE = YES;
				"INFOPLIST_KEY_UIApplicationSceneManifest_Generation[sdk=iphoneos*]" = YES;
				"INFOPLIST_KEY_UIApplicationSceneManifest_Generation[sdk=iphonesimulator*]" = YES;
				"INFOPLIST_KEY_UIApplicationSupportsIndirectInputEvents[sdk=iphoneos*]" = YES;
				"INFOPLIST_KEY_UIApplicationSupportsIndirectInputEvents[sdk=iphonesimulator*]" = YES;
				"INFOPLIST_KEY_UILaunchScreen_Generation[sdk=iphoneos*]" = YES;
				"INFOPLIST_KEY_UILaunchScreen_Generation[sdk=iphonesimulator*]" = YES;
				"INFOPLIST_KEY_UIStatusBarStyle[sdk=iphoneos*]" = UIStatusBarStyleDefault;
				"INFOPLIST_KEY_UIStatusBarStyle[sdk=iphonesimulator*]" = UIStatusBarStyleDefault;
				INFOPLIST_KEY_UISupportedInterfaceOrientations_iPad = "UIInterfaceOrientationPortrait UIInterfaceOrientationPortraitUpsideDown UIInterfaceOrientationLandscapeLeft UIInterfaceOrientationLandscapeRight";
				INFOPLIST_KEY_UISupportedInterfaceOrientations_iPhone = "UIInterfaceOrientationPortrait UIInterfaceOrientationLandscapeLeft UIInterfaceOrientationLandscapeRight";
				IPHONEOS_DEPLOYMENT_TARGET = 17.0;
				LD_RUNPATH_SEARCH_PATHS = "@executable_path/Frameworks";
				"LD_RUNPATH_SEARCH_PATHS[sdk=macosx*]" = "@executable_path/../Frameworks";
				MACOSX_DEPLOYMENT_TARGET = 14.0;
				MARKETING_VERSION = 1.0;
				PRODUCT_BUNDLE_IDENTIFIER = com.dyrkabes.AdventOfCode2023;
				PRODUCT_NAME = "$(TARGET_NAME)";
				SDKROOT = auto;
				SUPPORTED_PLATFORMS = "iphoneos iphonesimulator macosx";
				SWIFT_EMIT_LOC_STRINGS = YES;
				SWIFT_VERSION = 5.0;
				TARGETED_DEVICE_FAMILY = "1,2";
			};
			name = Release;
		};
		E9DA09752B570340002DBCD0 /* Debug */ = {
			isa = XCBuildConfiguration;
			buildSettings = {
				ALWAYS_EMBED_SWIFT_STANDARD_LIBRARIES = YES;
				BUNDLE_LOADER = "$(TEST_HOST)";
				CODE_SIGN_STYLE = Automatic;
				CURRENT_PROJECT_VERSION = 1;
				DEVELOPMENT_TEAM = T26XN9U9U2;
				GENERATE_INFOPLIST_FILE = YES;
				IPHONEOS_DEPLOYMENT_TARGET = 17.0;
				MACOSX_DEPLOYMENT_TARGET = 14.0;
				MARKETING_VERSION = 1.0;
				PRODUCT_BUNDLE_IDENTIFIER = com.dyrkabes.AdventOfCode2023Tests;
				PRODUCT_NAME = "$(TARGET_NAME)";
				SDKROOT = auto;
				SUPPORTED_PLATFORMS = "iphoneos iphonesimulator macosx";
				SWIFT_EMIT_LOC_STRINGS = NO;
				SWIFT_VERSION = 5.0;
				TARGETED_DEVICE_FAMILY = "1,2";
				TEST_HOST = "$(BUILT_PRODUCTS_DIR)/AdventOfCode2023.app/$(BUNDLE_EXECUTABLE_FOLDER_PATH)/AdventOfCode2023";
			};
			name = Debug;
		};
		E9DA09762B570340002DBCD0 /* Release */ = {
			isa = XCBuildConfiguration;
			buildSettings = {
				ALWAYS_EMBED_SWIFT_STANDARD_LIBRARIES = YES;
				BUNDLE_LOADER = "$(TEST_HOST)";
				CODE_SIGN_STYLE = Automatic;
				CURRENT_PROJECT_VERSION = 1;
				DEVELOPMENT_TEAM = T26XN9U9U2;
				GENERATE_INFOPLIST_FILE = YES;
				IPHONEOS_DEPLOYMENT_TARGET = 17.0;
				MACOSX_DEPLOYMENT_TARGET = 14.0;
				MARKETING_VERSION = 1.0;
				PRODUCT_BUNDLE_IDENTIFIER = com.dyrkabes.AdventOfCode2023Tests;
				PRODUCT_NAME = "$(TARGET_NAME)";
				SDKROOT = auto;
				SUPPORTED_PLATFORMS = "iphoneos iphonesimulator macosx";
				SWIFT_EMIT_LOC_STRINGS = NO;
				SWIFT_VERSION = 5.0;
				TARGETED_DEVICE_FAMILY = "1,2";
				TEST_HOST = "$(BUILT_PRODUCTS_DIR)/AdventOfCode2023.app/$(BUNDLE_EXECUTABLE_FOLDER_PATH)/AdventOfCode2023";
			};
			name = Release;
		};
/* End XCBuildConfiguration section */

/* Begin XCConfigurationList section */
		E9DA09472B57033F002DBCD0 /* Build configuration list for PBXProject "AdventOfCode2023" */ = {
			isa = XCConfigurationList;
			buildConfigurations = (
				E9DA096F2B570340002DBCD0 /* Debug */,
				E9DA09702B570340002DBCD0 /* Release */,
			);
			defaultConfigurationIsVisible = 0;
			defaultConfigurationName = Release;
		};
		E9DA09712B570340002DBCD0 /* Build configuration list for PBXNativeTarget "AdventOfCode2023" */ = {
			isa = XCConfigurationList;
			buildConfigurations = (
				E9DA09722B570340002DBCD0 /* Debug */,
				E9DA09732B570340002DBCD0 /* Release */,
			);
			defaultConfigurationIsVisible = 0;
			defaultConfigurationName = Release;
		};
		E9DA09742B570340002DBCD0 /* Build configuration list for PBXNativeTarget "AdventOfCode2023Tests" */ = {
			isa = XCConfigurationList;
			buildConfigurations = (
				E9DA09752B570340002DBCD0 /* Debug */,
				E9DA09762B570340002DBCD0 /* Release */,
			);
			defaultConfigurationIsVisible = 0;
			defaultConfigurationName = Release;
		};
/* End XCConfigurationList section */
	};
	rootObject = E9DA09442B57033F002DBCD0 /* Project object */;
}
